
Microsoft Visual Studio Solution File, Format Version 12.00
# Visual Studio 15
VisualStudioVersion = 15.0.26124.0
MinimumVisualStudioVersion = 15.0.26124.0
Project("{2150E333-8FDC-42A3-9474-1A3956D46DE8}") = "src", "src", "{3CD75182-D71F-4F72-B9FA-085216E8CF54}"
EndProject
Project("{FAE04EC0-301F-11D3-BF4B-00C04F79EFBC}") = "Project.IdentityServer4.Admin", "src\Project.IdentityServer4.Admin\Project.IdentityServer4.Admin.csproj", "{8463BBE9-7809-42AD-AA8E-793A02755E98}"
EndProject
Project("{FAE04EC0-301F-11D3-BF4B-00C04F79EFBC}") = "Project.IdentityServer4.STS.Identity", "src\Project.IdentityServer4.STS.Identity\Project.IdentityServer4.STS.Identity.csproj", "{A5EB55AB-AFAB-4DFB-B135-EFE75A06C7D3}"
EndProject
Project("{FAE04EC0-301F-11D3-BF4B-00C04F79EFBC}") = "Project.IdentityServer4.Admin.EntityFramework.DbContexts", "src\Project.IdentityServer4.Admin.EntityFramework.DbContexts\Project.IdentityServer4.Admin.EntityFramework.DbContexts.csproj", "{2AC4ACDA-C591-4D33-8B95-9500B810DAC7}"
EndProject
Project("{FAE04EC0-301F-11D3-BF4B-00C04F79EFBC}") = "Project.IdentityServer4.Admin.EntityFramework.Identity", "src\Project.IdentityServer4.Admin.EntityFramework.Identity\Project.IdentityServer4.Admin.EntityFramework.Identity.csproj", "{1D04C8F7-4879-4C73-9339-0365DBF0B22B}"
EndProject
Global
	GlobalSection(SolutionConfigurationPlatforms) = preSolution
		Debug|Any CPU = Debug|Any CPU
		Debug|x64 = Debug|x64
		Debug|x86 = Debug|x86
		Release|Any CPU = Release|Any CPU
		Release|x64 = Release|x64
		Release|x86 = Release|x86
	EndGlobalSection
	GlobalSection(SolutionProperties) = preSolution
		HideSolutionNode = FALSE
	EndGlobalSection
	GlobalSection(ProjectConfigurationPlatforms) = postSolution
		{8463BBE9-7809-42AD-AA8E-793A02755E98}.Debug|Any CPU.ActiveCfg = Debug|Any CPU
		{8463BBE9-7809-42AD-AA8E-793A02755E98}.Debug|Any CPU.Build.0 = Debug|Any CPU
		{8463BBE9-7809-42AD-AA8E-793A02755E98}.Debug|x64.ActiveCfg = Debug|Any CPU
		{8463BBE9-7809-42AD-AA8E-793A02755E98}.Debug|x64.Build.0 = Debug|Any CPU
		{8463BBE9-7809-42AD-AA8E-793A02755E98}.Debug|x86.ActiveCfg = Debug|Any CPU
		{8463BBE9-7809-42AD-AA8E-793A02755E98}.Debug|x86.Build.0 = Debug|Any CPU
		{8463BBE9-7809-42AD-AA8E-793A02755E98}.Release|Any CPU.ActiveCfg = Release|Any CPU
		{8463BBE9-7809-42AD-AA8E-793A02755E98}.Release|Any CPU.Build.0 = Release|Any CPU
		{8463BBE9-7809-42AD-AA8E-793A02755E98}.Release|x64.ActiveCfg = Release|Any CPU
		{8463BBE9-7809-42AD-AA8E-793A02755E98}.Release|x64.Build.0 = Release|Any CPU
		{8463BBE9-7809-42AD-AA8E-793A02755E98}.Release|x86.ActiveCfg = Release|Any CPU
		{8463BBE9-7809-42AD-AA8E-793A02755E98}.Release|x86.Build.0 = Release|Any CPU
		{A5EB55AB-AFAB-4DFB-B135-EFE75A06C7D3}.Debug|Any CPU.ActiveCfg = Debug|Any CPU
		{A5EB55AB-AFAB-4DFB-B135-EFE75A06C7D3}.Debug|Any CPU.Build.0 = Debug|Any CPU
		{A5EB55AB-AFAB-4DFB-B135-EFE75A06C7D3}.Debug|x64.ActiveCfg = Debug|Any CPU
		{A5EB55AB-AFAB-4DFB-B135-EFE75A06C7D3}.Debug|x64.Build.0 = Debug|Any CPU
		{A5EB55AB-AFAB-4DFB-B135-EFE75A06C7D3}.Debug|x86.ActiveCfg = Debug|Any CPU
		{A5EB55AB-AFAB-4DFB-B135-EFE75A06C7D3}.Debug|x86.Build.0 = Debug|Any CPU
		{A5EB55AB-AFAB-4DFB-B135-EFE75A06C7D3}.Release|Any CPU.ActiveCfg = Release|Any CPU
		{A5EB55AB-AFAB-4DFB-B135-EFE75A06C7D3}.Release|Any CPU.Build.0 = Release|Any CPU
		{A5EB55AB-AFAB-4DFB-B135-EFE75A06C7D3}.Release|x64.ActiveCfg = Release|Any CPU
		{A5EB55AB-AFAB-4DFB-B135-EFE75A06C7D3}.Release|x64.Build.0 = Release|Any CPU
		{A5EB55AB-AFAB-4DFB-B135-EFE75A06C7D3}.Release|x86.ActiveCfg = Release|Any CPU
		{A5EB55AB-AFAB-4DFB-B135-EFE75A06C7D3}.Release|x86.Build.0 = Release|Any CPU
		{2AC4ACDA-C591-4D33-8B95-9500B810DAC7}.Debug|Any CPU.ActiveCfg = Debug|Any CPU
		{2AC4ACDA-C591-4D33-8B95-9500B810DAC7}.Debug|Any CPU.Build.0 = Debug|Any CPU
		{2AC4ACDA-C591-4D33-8B95-9500B810DAC7}.Debug|x64.ActiveCfg = Debug|Any CPU
		{2AC4ACDA-C591-4D33-8B95-9500B810DAC7}.Debug|x64.Build.0 = Debug|Any CPU
		{2AC4ACDA-C591-4D33-8B95-9500B810DAC7}.Debug|x86.ActiveCfg = Debug|Any CPU
		{2AC4ACDA-C591-4D33-8B95-9500B810DAC7}.Debug|x86.Build.0 = Debug|Any CPU
		{2AC4ACDA-C591-4D33-8B95-9500B810DAC7}.Release|Any CPU.ActiveCfg = Release|Any CPU
		{2AC4ACDA-C591-4D33-8B95-9500B810DAC7}.Release|Any CPU.Build.0 = Release|Any CPU
		{2AC4ACDA-C591-4D33-8B95-9500B810DAC7}.Release|x64.ActiveCfg = Release|Any CPU
		{2AC4ACDA-C591-4D33-8B95-9500B810DAC7}.Release|x64.Build.0 = Release|Any CPU
		{2AC4ACDA-C591-4D33-8B95-9500B810DAC7}.Release|x86.ActiveCfg = Release|Any CPU
		{2AC4ACDA-C591-4D33-8B95-9500B810DAC7}.Release|x86.Build.0 = Release|Any CPU
		{1D04C8F7-4879-4C73-9339-0365DBF0B22B}.Debug|Any CPU.ActiveCfg = Debug|Any CPU
		{1D04C8F7-4879-4C73-9339-0365DBF0B22B}.Debug|Any CPU.Build.0 = Debug|Any CPU
		{1D04C8F7-4879-4C73-9339-0365DBF0B22B}.Debug|x64.ActiveCfg = Debug|Any CPU
		{1D04C8F7-4879-4C73-9339-0365DBF0B22B}.Debug|x64.Build.0 = Debug|Any CPU
		{1D04C8F7-4879-4C73-9339-0365DBF0B22B}.Debug|x86.ActiveCfg = Debug|Any CPU
		{1D04C8F7-4879-4C73-9339-0365DBF0B22B}.Debug|x86.Build.0 = Debug|Any CPU
		{1D04C8F7-4879-4C73-9339-0365DBF0B22B}.Release|Any CPU.ActiveCfg = Release|Any CPU
		{1D04C8F7-4879-4C73-9339-0365DBF0B22B}.Release|Any CPU.Build.0 = Release|Any CPU
		{1D04C8F7-4879-4C73-9339-0365DBF0B22B}.Release|x64.ActiveCfg = Release|Any CPU
		{1D04C8F7-4879-4C73-9339-0365DBF0B22B}.Release|x64.Build.0 = Release|Any CPU
		{1D04C8F7-4879-4C73-9339-0365DBF0B22B}.Release|x86.ActiveCfg = Release|Any CPU
		{1D04C8F7-4879-4C73-9339-0365DBF0B22B}.Release|x86.Build.0 = Release|Any CPU
	EndGlobalSection
	GlobalSection(NestedProjects) = preSolution
		{8463BBE9-7809-42AD-AA8E-793A02755E98} = {3CD75182-D71F-4F72-B9FA-085216E8CF54}
		{A5EB55AB-AFAB-4DFB-B135-EFE75A06C7D3} = {3CD75182-D71F-4F72-B9FA-085216E8CF54}
		{2AC4ACDA-C591-4D33-8B95-9500B810DAC7} = {3CD75182-D71F-4F72-B9FA-085216E8CF54}
		{1D04C8F7-4879-4C73-9339-0365DBF0B22B} = {3CD75182-D71F-4F72-B9FA-085216E8CF54}
	EndGlobalSection
EndGlobal
